{
  "version": "2",
  "remote": {
    "https://cdn.skypack.dev/-/highlight.js@v11.6.0-4W1e4sNTmpsDP0C1l7xy/dist=es2019,mode=imports/optimized/common/core-6fff0e6f.js": "19f0aebe2ae7ed8c14a06278d72149a4869bb9f3e70b4f027890847a18870e73",
    "https://cdn.skypack.dev/-/highlight.js@v11.6.0-4W1e4sNTmpsDP0C1l7xy/dist=es2019,mode=imports/optimized/common/wasm-225926ab.js": "382aafa96667599876ab1db1cd6bb3e22f1f9e116b3bd7a01eacb50b95647f90",
    "https://cdn.skypack.dev/-/highlight.js@v11.6.0-4W1e4sNTmpsDP0C1l7xy/dist=es2019,mode=imports/optimized/highlightjs.js": "5d347306de79bdcec320966f1e40b4e114d6411cd0d71cad55a0026bebfef00c",
    "https://cdn.skypack.dev/-/highlight.js@v11.6.0-4W1e4sNTmpsDP0C1l7xy/dist=es2019,mode=types/types/index.d.ts": "e70dd5f565b1e3ae1e7bf24d5419ca2c89fae3ae4bff8cb7fb90470dbcbc9229",
    "https://cdn.skypack.dev/highlight.js@11.6.0?dts": "4fa5b5713876497f4a1ca59020e30d4db240137a574a273eafdae83ebdc1c735",
    "https://deno.land/std@0.118.0/_util/assert.ts": "2f868145a042a11d5ad0a3c748dcf580add8a0dbc0e876eaa0026303a5488f58",
    "https://deno.land/std@0.118.0/_util/os.ts": "dfb186cc4e968c770ab6cc3288bd65f4871be03b93beecae57d657232ecffcac",
    "https://deno.land/std@0.118.0/bytes/bytes_list.ts": "3bff6a09c72b2e0b1e92e29bd3b135053894196cca07a2bba842901073efe5cb",
    "https://deno.land/std@0.118.0/bytes/equals.ts": "69f55fdbd45c71f920c1a621e6c0865dc780cd8ae34e0f5e55a9497b70c31c1b",
    "https://deno.land/std@0.118.0/bytes/mod.ts": "fedb80b8da2e7ad8dd251148e65f92a04c73d6c5a430b7d197dc39588c8dda6f",
    "https://deno.land/std@0.118.0/encoding/base64.ts": "0b58bd6477214838bf711eef43eac21e47ba9e5c81b2ce185fe25d9ecab3ebb3",
    "https://deno.land/std@0.118.0/fmt/colors.ts": "8368ddf2d48dfe413ffd04cdbb7ae6a1009cf0dccc9c7ff1d76259d9c61a0621",
    "https://deno.land/std@0.118.0/http/http_status.ts": "2ff185827bff21c7be2807fcb09a6a2166464ba57fcd94afe805abab8e09070a",
    "https://deno.land/std@0.118.0/io/buffer.ts": "8f10342821b81990acf859cdccb4e4031c7c9187a0ffc3ed6b356ee29ecc6681",
    "https://deno.land/std@0.118.0/io/files.ts": "8794bf6014e6f3183fc5433926dfef4a50eb8d3ec3b6736ebb4277e5f0ce3420",
    "https://deno.land/std@0.118.0/io/readers.ts": "17403919724fef2f343c88555606368868a5c752a1099ad801f6a381c170f62d",
    "https://deno.land/std@0.118.0/io/types.d.ts": "89a27569399d380246ca7cdd9e14d5e68459f11fb6110790cc5ecbd4ee7f3215",
    "https://deno.land/std@0.118.0/io/util.ts": "96409103aa87b0eb0ddc494666a3514a6e969a1a3e7f69e100115ab7a1f532fb",
    "https://deno.land/std@0.118.0/path/_constants.ts": "1247fee4a79b70c89f23499691ef169b41b6ccf01887a0abd131009c5581b853",
    "https://deno.land/std@0.118.0/path/_interface.ts": "1fa73b02aaa24867e481a48492b44f2598cd9dfa513c7b34001437007d3642e4",
    "https://deno.land/std@0.118.0/path/_util.ts": "2e06a3b9e79beaf62687196bd4b60a4c391d862cfa007a20fc3a39f778ba073b",
    "https://deno.land/std@0.118.0/path/common.ts": "f41a38a0719a1e85aa11c6ba3bea5e37c15dd009d705bd8873f94c833568cbc4",
    "https://deno.land/std@0.118.0/path/glob.ts": "ea87985765b977cc284b92771003b2070c440e0807c90e1eb0ff3e095911a820",
    "https://deno.land/std@0.118.0/path/mod.ts": "4465dc494f271b02569edbb4a18d727063b5dbd6ed84283ff906260970a15d12",
    "https://deno.land/std@0.118.0/path/posix.ts": "34349174b9cd121625a2810837a82dd8b986bbaaad5ade690d1de75bbb4555b2",
    "https://deno.land/std@0.118.0/path/separator.ts": "8fdcf289b1b76fd726a508f57d3370ca029ae6976fcde5044007f062e643ff1c",
    "https://deno.land/std@0.118.0/path/win32.ts": "11549e8c6df8307a8efcfa47ad7b2a75da743eac7d4c89c9723a944661c8bd2e",
    "https://deno.land/std@0.118.0/streams/conversion.ts": "7ff9af42540063fa72003ab31a377ba9dde8532d43b16329b933c37a6d7aac5f",
    "https://deno.land/std@0.118.0/testing/_diff.ts": "e6a10d2aca8d6c27a9c5b8a2dbbf64353874730af539707b5b39d4128140642d",
    "https://deno.land/std@0.118.0/testing/asserts.ts": "e8bd3ff280731e2d2b48c67d6ed97ce2c0b717601ccb38816aff89edce71680d",
    "https://deno.land/std@0.120.0/async/deadline.ts": "1d6ac7aeaee22f75eb86e4e105d6161118aad7b41ae2dd14f4cfd3bf97472b93",
    "https://deno.land/std@0.120.0/async/debounce.ts": "b2f693e4baa16b62793fd618de6c003b63228db50ecfe3bd51fc5f6dc0bc264b",
    "https://deno.land/std@0.120.0/async/deferred.ts": "ab60d46ba561abb3b13c0c8085d05797a384b9f182935f051dc67136817acdee",
    "https://deno.land/std@0.120.0/async/delay.ts": "f2d8ccaa8ebc26594bd8b0989edfd8a96257a714c1dee2fb54d986e5bdd840ac",
    "https://deno.land/std@0.120.0/async/mod.ts": "78425176fabea7bd1046ce3819fd69ce40da85c83e0f174d17e8e224a91f7d10",
    "https://deno.land/std@0.120.0/async/mux_async_iterator.ts": "62abff3af9ff619e8f2adc96fc70d4ca020fa48a50c23c13f12d02ed2b760dbe",
    "https://deno.land/std@0.120.0/async/pool.ts": "353ce4f91865da203a097aa6f33de8966340c91b6f4a055611c8c5d534afd12f",
    "https://deno.land/std@0.120.0/async/tee.ts": "3e9f2ef6b36e55188de16a667c702ace4ad0cf84e3720379160e062bf27348ad",
    "https://deno.land/std@0.120.0/fmt/colors.ts": "8368ddf2d48dfe413ffd04cdbb7ae6a1009cf0dccc9c7ff1d76259d9c61a0621",
    "https://deno.land/std@0.120.0/http/http_status.ts": "2ff185827bff21c7be2807fcb09a6a2166464ba57fcd94afe805abab8e09070a",
    "https://deno.land/std@0.149.0/_util/assert.ts": "e94f2eb37cebd7f199952e242c77654e43333c1ac4c5c700e929ea3aa5489f74",
    "https://deno.land/std@0.149.0/_util/os.ts": "3b4c6e27febd119d36a416d7a97bd3b0251b77c88942c8f16ee5953ea13e2e49",
    "https://deno.land/std@0.149.0/async/abortable.ts": "87aa7230be8360c24ad437212311c9e8d4328854baec27b4c7abb26e85515c06",
    "https://deno.land/std@0.149.0/async/deadline.ts": "48ac998d7564969f3e6ec6b6f9bf0217ebd00239b1b2292feba61272d5dd58d0",
    "https://deno.land/std@0.149.0/async/debounce.ts": "564273ef242bcfcda19a439132f940db8694173abffc159ea34f07d18fc42620",
    "https://deno.land/std@0.149.0/async/deferred.ts": "bc18e28108252c9f67dfca2bbc4587c3cbf3aeb6e155f8c864ca8ecff992b98a",
    "https://deno.land/std@0.149.0/async/delay.ts": "cbbdf1c87d1aed8edc7bae13592fb3e27e3106e0748f089c263390d4f49e5f6c",
    "https://deno.land/std@0.149.0/async/mod.ts": "9852cd8ed897ab2d41a8fbee611d574e97898327db5c19d9d58e41126473f02c",
    "https://deno.land/std@0.149.0/async/mux_async_iterator.ts": "5b4aca6781ad0f2e19ccdf1d1a1c092ccd3e00d52050d9c27c772658c8367256",
    "https://deno.land/std@0.149.0/async/pool.ts": "ef9eb97b388543acbf0ac32647121e4dbe629236899586c4d4311a8770fbb239",
    "https://deno.land/std@0.149.0/async/tee.ts": "bcfae0017ebb718cf4eef9e2420e8675d91cb1bcc0ed9b668681af6e6caad846",
    "https://deno.land/std@0.149.0/bytes/bytes_list.ts": "aba5e2369e77d426b10af1de0dcc4531acecec27f9b9056f4f7bfbf8ac147ab4",
    "https://deno.land/std@0.149.0/bytes/equals.ts": "3c3558c3ae85526f84510aa2b48ab2ad7bdd899e2e0f5b7a8ffc85acb3a6043a",
    "https://deno.land/std@0.149.0/bytes/mod.ts": "763f97d33051cc3f28af1a688dfe2830841192a9fea0cbaa55f927b49d49d0bf",
    "https://deno.land/std@0.149.0/datetime/formatter.ts": "7c8e6d16a0950f400aef41b9f1eb9168249869776ec520265dfda785d746589e",
    "https://deno.land/std@0.149.0/datetime/mod.ts": "28cdfd81f4e02696e2663807234e857cb08bb13f5573db862c7cd4a6287e2bde",
    "https://deno.land/std@0.149.0/datetime/tokenizer.ts": "7381e28f6ab51cb504c7e132be31773d73ef2f3e1e50a812736962b9df1e8c47",
    "https://deno.land/std@0.149.0/encoding/_yaml/dumper/dumper.ts": "51998d88c46f2720bf6c2d16416873a0501f69ea8648faf270cba41ad54a5580",
    "https://deno.land/std@0.149.0/encoding/_yaml/dumper/dumper_state.ts": "3c1bc8519c1832f0f136856881b97f0b42f64b7968767dbc36b8b0b6cae963dc",
    "https://deno.land/std@0.149.0/encoding/_yaml/error.ts": "6ca899f6d86c6979bce6d7c3a6a8e2a360b09d8b0f55d2e649bd1233604fb7c9",
    "https://deno.land/std@0.149.0/encoding/_yaml/loader/loader.ts": "525bd770f4b4def0465bb134a7b2ac9ab024f439990b60b6188278803c4615b8",
    "https://deno.land/std@0.149.0/encoding/_yaml/loader/loader_state.ts": "59124e56d864274ce4043dca8bf63e937c6e960e4ad120465e424b38f3469b2d",
    "https://deno.land/std@0.149.0/encoding/_yaml/mark.ts": "7f67f43755b2602fefe52012eb3ab627880da97edd0f6c00f916ceb2ddb1b5d1",
    "https://deno.land/std@0.149.0/encoding/_yaml/parse.ts": "8f362dc01401099263d73a4bfa00bc90ea456d202507d62a11dfcfeac74484f5",
    "https://deno.land/std@0.149.0/encoding/_yaml/schema.ts": "83717fbf829f1caba84ff02e468c8792c47491fd202b1d95776ed0d8f58ea559",
    "https://deno.land/std@0.149.0/encoding/_yaml/schema/core.ts": "bcb47a389d596369fbfccf73a6b221ac3ca5440149b4f6df1e707f2efc6854ef",
    "https://deno.land/std@0.149.0/encoding/_yaml/schema/default.ts": "8b6bd9cb1cab07a3397e1cc3843edba6ad40d1bd15687c1f56cd977da834d984",
    "https://deno.land/std@0.149.0/encoding/_yaml/schema/extended.ts": "5e0bfd9a28c7a82ba40fc7ff7890df7469ec85390320349974acbc627ae1be88",
    "https://deno.land/std@0.149.0/encoding/_yaml/schema/failsafe.ts": "7254a9ca0dff8f30377098622812e55c4535aaf352fecb4ec51939e596bd74e7",
    "https://deno.land/std@0.149.0/encoding/_yaml/schema/json.ts": "2205d0d3d3377de56f92ac0f4a82bf561ea0d7b86eb195c9f0c32c7c7871d78f",
    "https://deno.land/std@0.149.0/encoding/_yaml/schema/mod.ts": "6769df6082aceee9849f71168f4353ba4f92e4a2a5a429a422debac13a593d4e",
    "https://deno.land/std@0.149.0/encoding/_yaml/state.ts": "374b8dc170417beccb364e543b25eef73576196f4a526836bb3a621b87a204a3",
    "https://deno.land/std@0.149.0/encoding/_yaml/stringify.ts": "ec15035c1928f96f4e42c0a0e9f3082512e294fd6b8ff6a0403a3ee9282f69aa",
    "https://deno.land/std@0.149.0/encoding/_yaml/type.ts": "95ad0cdbab49343b1527ebc7762c477726c34702438375be6781b44e03e9fcfc",
    "https://deno.land/std@0.149.0/encoding/_yaml/type/binary.ts": "8ae1bdeebe090133b1d1e1ef8427d5ea03f8b6f8944bd2eca578c81330700b0a",
    "https://deno.land/std@0.149.0/encoding/_yaml/type/bool.ts": "95c030531adc3d66a59979dc25c2fcdeb1f58ae40a91d6f9e9a537af0fd2b5a4",
    "https://deno.land/std@0.149.0/encoding/_yaml/type/float.ts": "0c39a6a3bb7cd90178c5bcdeb73a7b6865482db5b8b0495883289a8bc2d541fb",
    "https://deno.land/std@0.149.0/encoding/_yaml/type/function.ts": "b5642dda5ef8d47c0325a2b89a022cbce3be45ba21f8c4f9202364d967c6b3e5",
    "https://deno.land/std@0.149.0/encoding/_yaml/type/int.ts": "7197cba96ad8ad3c596ca34a364dacdf91ef396c462c6c2daecbdec056353f3d",
    "https://deno.land/std@0.149.0/encoding/_yaml/type/map.ts": "78bf5447d2e3f79d59bf7cb63a76ca7797854a0d8e2154c6fd35775c4e5c8c61",
    "https://deno.land/std@0.149.0/encoding/_yaml/type/merge.ts": "094b272e6087c6aef39cd9617fa6603ec934e507faad6c276d293e2734f9b083",
    "https://deno.land/std@0.149.0/encoding/_yaml/type/mod.ts": "b2f267dc0b0296cf8f6109aa129e2cf6d1e1f8c59f8903f0330c18749eca2d3c",
    "https://deno.land/std@0.149.0/encoding/_yaml/type/nil.ts": "1988843acab56e99e883cd047c40cc7fb799b6d335f541f022ae3b914abcbe35",
    "https://deno.land/std@0.149.0/encoding/_yaml/type/omap.ts": "fd3f2f9a8ae634996da84d021353ac8bf4b41e714f2711159d756d0e2f3aabd1",
    "https://deno.land/std@0.149.0/encoding/_yaml/type/pairs.ts": "90736f87b6e39a144205a235d8851f7bebf6bb3835fd03742c30253d5ecd7ec5",
    "https://deno.land/std@0.149.0/encoding/_yaml/type/regexp.ts": "a9e70491fa7ede8689b933d81142aa7635a253733a4df626bd479c55cb64222e",
    "https://deno.land/std@0.149.0/encoding/_yaml/type/seq.ts": "135f37a1b6dcb3688bc0dad0c9dc3a04370b1fc94267960586ea23877ffd3088",
    "https://deno.land/std@0.149.0/encoding/_yaml/type/set.ts": "2937ac0e1ce8c121a4009e74568e341e2a380fdb5f41f16050ce2ca7537b2bd8",
    "https://deno.land/std@0.149.0/encoding/_yaml/type/str.ts": "6420d3a0099d9fbc35861241b7dad65b800ff3909efe71ab71c895326187ab8d",
    "https://deno.land/std@0.149.0/encoding/_yaml/type/timestamp.ts": "3db0667dd9bdc3b3f0e8596fff023e87bc9fca230a545bb67d0bf3b732c1c656",
    "https://deno.land/std@0.149.0/encoding/_yaml/type/undefined.ts": "5b595082d064cf50a3345f5fdda8c02beb0768e9d97d4bd4c53ac81a9f94e185",
    "https://deno.land/std@0.149.0/encoding/_yaml/utils.ts": "c7e6bf055b08fffe700c7cbdfa2939cab7b9676ff75b6dc98d72d41b3b173d37",
    "https://deno.land/std@0.149.0/encoding/front_matter.ts": "126d5b3045f0f1d0e77da0d33a484f6cd26d9ab68a768676b536d2fc2470f94a",
    "https://deno.land/std@0.149.0/encoding/hex.ts": "7f023e1e51cfd6b189682e602e8640939e7be71a300a2fcf3daf8f84dc609bbc",
    "https://deno.land/std@0.149.0/encoding/yaml.ts": "6760095814791325684cd146d10d49eef32bc4328a0516bf88fac9dc2cffa423",
    "https://deno.land/std@0.149.0/flags/mod.ts": "594472736e24b2f2afd3451cf7ccd58a21706ce91006478a544fdfa056c69697",
    "https://deno.land/std@0.149.0/fmt/colors.ts": "6f9340b7fb8cc25a993a99e5efc56fe81bb5af284ff412129dd06df06f53c0b4",
    "https://deno.land/std@0.149.0/fs/_util.ts": "2cf50bfb1081c2d5f2efec10ac19abbc2baf478e51cd1b057d0da2f30585b6ba",
    "https://deno.land/std@0.149.0/fs/walk.ts": "6ce8d87fbaeda23383e979599ad27f3f94b3e5ff0c0cd976b5fc5c2aa0df7d92",
    "https://deno.land/std@0.149.0/http/_negotiation/common.ts": "410e902f01cdd324e4746e8017595be4fc357d6fc4cd6044f2f808a943d7eaf7",
    "https://deno.land/std@0.149.0/http/_negotiation/encoding.ts": "f749c1d539d139af783e8a7741de5a47a98a5e3c9af82b8af512567ccf5fe632",
    "https://deno.land/std@0.149.0/http/_negotiation/language.ts": "53c306186904d2dace4c624a8822542866ad332a7f40ac90e0af1504f95c63d0",
    "https://deno.land/std@0.149.0/http/_negotiation/media_type.ts": "ecdda87286495f7ff25116858f5088856953e2f1585e593d314e0c71b826a137",
    "https://deno.land/std@0.149.0/http/cookie.ts": "526f27762fad7bf84fbe491de7eba7c406057501eec6edcad7884a16b242fddf",
    "https://deno.land/std@0.149.0/http/file_server.ts": "dfcd3fa6fb516d534edd70a0dde5ad7fdb2f0e5b4b2371b3426a7a9b34978c89",
    "https://deno.land/std@0.149.0/http/http_errors.ts": "b4cfdc40a18d6fd0afff948700cbebf1c2f0ec2d0f9434e587ec123652f83bf0",
    "https://deno.land/std@0.149.0/http/http_status.ts": "897575a7d6bc2b9123f6a38ecbc0f03d95a532c5d92029315dc9f508e12526b8",
    "https://deno.land/std@0.149.0/http/mod.ts": "5ee35ba373801c3c82662b8348be74e39d1af9c20716645301c1a91997607615",
    "https://deno.land/std@0.149.0/http/negotiation.ts": "f35b1ff2ad4ff9feaa00ac234960b398172768205c8eceaef7f2eafe34716ba2",
    "https://deno.land/std@0.149.0/http/server.ts": "0b0a9f3abfcfecead944b31ee9098a0c11a59b0495bf873ee200eb80e7441483",
    "https://deno.land/std@0.149.0/http/util.ts": "6abb4120b732f28954c3df6fed8bee9e2026a93a327f6f116bf049b3958fd85f",
    "https://deno.land/std@0.149.0/io/buffer.ts": "bd0c4bf53db4b4be916ca5963e454bddfd3fcd45039041ea161dbf826817822b",
    "https://deno.land/std@0.149.0/io/types.d.ts": "0cae3a62da7a37043661746c65c021058bae020b54e50c0e774916e5d4baee43",
    "https://deno.land/std@0.149.0/media_types/_util.ts": "ce9b4fc4ba1c447dafab619055e20fd88236ca6bdd7834a21f98bd193c3fbfa1",
    "https://deno.land/std@0.149.0/media_types/mod.ts": "2d4b6f32a087029272dc59e0a55ae3cc4d1b27b794ccf528e94b1925795b3118",
    "https://deno.land/std@0.149.0/media_types/vendor/mime-db.v1.52.0.ts": "724cee25fa40f1a52d3937d6b4fbbfdd7791ff55e1b7ac08d9319d5632c7f5af",
    "https://deno.land/std@0.149.0/path/_constants.ts": "df1db3ffa6dd6d1252cc9617e5d72165cd2483df90e93833e13580687b6083c3",
    "https://deno.land/std@0.149.0/path/_interface.ts": "ee3b431a336b80cf445441109d089b70d87d5e248f4f90ff906820889ecf8d09",
    "https://deno.land/std@0.149.0/path/_util.ts": "c1e9686d0164e29f7d880b2158971d805b6e0efc3110d0b3e24e4b8af2190d2b",
    "https://deno.land/std@0.149.0/path/common.ts": "bee563630abd2d97f99d83c96c2fa0cca7cee103e8cb4e7699ec4d5db7bd2633",
    "https://deno.land/std@0.149.0/path/glob.ts": "cb5255638de1048973c3e69e420c77dc04f75755524cb3b2e160fe9277d939ee",
    "https://deno.land/std@0.149.0/path/mod.ts": "4945b430b759b0b3d98f2a278542cbcf95e0ad2bd8eaaed3c67322b306b2b346",
    "https://deno.land/std@0.149.0/path/posix.ts": "c1f7afe274290ea0b51da07ee205653b2964bd74909a82deb07b69a6cc383aaa",
    "https://deno.land/std@0.149.0/path/separator.ts": "fe1816cb765a8068afb3e8f13ad272351c85cbc739af56dacfc7d93d710fe0f9",
    "https://deno.land/std@0.149.0/path/win32.ts": "bd7549042e37879c68ff2f8576a25950abbfca1d696d41d82c7bca0b7e6f452c",
    "https://deno.land/x/g_a@0.1.2/mod.ts": "6016891e4aa825a82e14782cf45be5705aa42f3ed5e8378200a6e0136239f572",
    "https://deno.land/x/htm@0.0.10/mod.tsx": "59e6ccfb5c1742e0b4449e6df62115b9c8dbe732a826fa0aa089f46308519e35",
    "https://deno.land/x/media_types@v2.11.1/db.ts": "1eac2b1b57195e41d7e40d7b236a3adeb93b4fa18084b4c9db49144fe685c78d",
    "https://deno.land/x/media_types@v2.11.1/mod.ts": "1be09ec3626332f9fe52a8a9ede852bb76d2207f84bec1f1b16c10555478008f",
    "https://deno.land/x/oak@v10.1.0/application.ts": "7ad567e390aebfbb96cf8745685cfea899b2b419838347a84e22898957e7648b",
    "https://deno.land/x/oak@v10.1.0/body.ts": "884ae12f149059386cd68ebaab572822b20de8c69fee2f12c4c56ce84bd9c64e",
    "https://deno.land/x/oak@v10.1.0/buf_reader.ts": "ee96cd6ead6caf0015b8395d7be3a77b0d8f082fd55121673e632924dc1eb6a5",
    "https://deno.land/x/oak@v10.1.0/content_disposition.ts": "8b8c3cb2fba7138cd5b7f82fc3b5ea39b33db924a824b28261659db7e164621e",
    "https://deno.land/x/oak@v10.1.0/context.ts": "221586ee15a85057db7f3fceaa845b18ff0489956f307aaa2fcd5f8382dd80ee",
    "https://deno.land/x/oak@v10.1.0/cookies.ts": "ba0e632bc96b5228deee7c0b589be3cfbbbf48c44b606540f9c2e4f5428ee1f8",
    "https://deno.land/x/oak@v10.1.0/deps.ts": "05dc85115133ab2d24684cbbed8e4679401dff9ed9aad76014cb3c848473c76d",
    "https://deno.land/x/oak@v10.1.0/etag.ts": "ea6a767b9b7606d8c9c13d7edea468e93686a8303a62259d9a182f633acad646",
    "https://deno.land/x/oak@v10.1.0/headers.ts": "50b809d5f311837f49344f6622bfbe24c57e64cd788bfb8d66ac826d304e6c3a",
    "https://deno.land/x/oak@v10.1.0/httpError.ts": "3fd09d0392f194d825b0093a1a77df6ca9f92ab90ad42b6ca4fe5a4ae660e9a3",
    "https://deno.land/x/oak@v10.1.0/http_server_native.ts": "c04529062a6aef9ccc88c6e2d3b3c5c1435b45296175cac919b6f03e27a47470",
    "https://deno.land/x/oak@v10.1.0/isMediaType.ts": "e7457f8c14245a7bb9a3a48000d50e112bb6fcafeab8fd7bcff16363a0cd8687",
    "https://deno.land/x/oak@v10.1.0/keyStack.ts": "bfa8f388dbfccf0e133f7f5682c0ff6ca517581f639c228b4a6ad4b14b3f6b79",
    "https://deno.land/x/oak@v10.1.0/mediaTyper.ts": "042b853fc8e9c3f6c628dd389e03ef481552bf07242efc3f8a1af042102a6105",
    "https://deno.land/x/oak@v10.1.0/middleware.ts": "073665130709d495e058c68d67dbf09161d2a4a0ce2a8b4614f13f96e21a22cd",
    "https://deno.land/x/oak@v10.1.0/multipart.ts": "ae2751544e8eb93ab0308bb7f88aa073de8669903707c4d20d6403f1f27428aa",
    "https://deno.land/x/oak@v10.1.0/negotiation/charset.ts": "b4c2e0c49dd5122f130f95bf29508448d983c424801b5bc304b00288b5ae3195",
    "https://deno.land/x/oak@v10.1.0/negotiation/common.ts": "f54d599d37408005f8c565d0f6505de51fed31feaa3654a7758e2359c006b02c",
    "https://deno.land/x/oak@v10.1.0/negotiation/encoding.ts": "60eb0fc3df57cc39eaa739e0e9e2cda6c20b3aa429d1a0108f503065f5709bbe",
    "https://deno.land/x/oak@v10.1.0/negotiation/language.ts": "62ef13ea3146538dd52a4666611bd423ebb9a6438e7312398e17a4d16dbafb51",
    "https://deno.land/x/oak@v10.1.0/negotiation/mediaType.ts": "7e25cc34600beea3bf0b0879ff1783c752260fcb517dffea2e122830c36e8451",
    "https://deno.land/x/oak@v10.1.0/range.ts": "879df226712c174b01f9ce173fbb8cc290a9c89c54d65a8aa19c575c00a0ab3b",
    "https://deno.land/x/oak@v10.1.0/request.ts": "80539f3d9a64da33b99949f86836a93eeadcf6c767a47f60a16dcaf9d4a7c256",
    "https://deno.land/x/oak@v10.1.0/response.ts": "023ba90443ab66f794a70e5c1d3b764f337704bec085a0883d1fde28b41548a1",
    "https://deno.land/x/oak@v10.1.0/router.ts": "75a79573168ee0037c8f03f9ad1f0ea0f879b014c1b95ab1b35decc23e32dd90",
    "https://deno.land/x/oak@v10.1.0/send.ts": "6101420ff6d731f61b2eb837698f3ad406f594085311a6dd9c79dbb5bafae085",
    "https://deno.land/x/oak@v10.1.0/server_sent_event.ts": "349bf3b317f4270b89839b554abe3f1dbd638d68c570d29f281062e54270e317",
    "https://deno.land/x/oak@v10.1.0/structured_clone.ts": "f46f5d14cf929b3cbf7168700c8e28bbf4ee8e229b93ceae08f6d6b2b150c8ab",
    "https://deno.land/x/oak@v10.1.0/tssCompare.ts": "e496924cb94de38bc035695926bd2f81e16bc3c8980ab1f34fe2f4865bb9aaeb",
    "https://deno.land/x/oak@v10.1.0/types.d.ts": "be92ff788029c7e14224f8e94cf630da14702d75d17df95480dfd42ebf7e978c",
    "https://deno.land/x/oak@v10.1.0/util.ts": "0030f8e9d957533e2fe9c89927eadb6e90c7b28ded05a25f14fd1edd6eb67469",
    "https://deno.land/x/path_to_regexp@v6.2.0/index.ts": "e94c04a44bbecac99ff2db2d831afe98b423e627b775cb57fc7935f848c64c51",
    "https://deno.land/x/vixalien_deno_blog@0.4.16/blog.tsx": "1f94e63362bfdb60fb53586ba8aef4aa98d537a6b1ed9d9202a4dbb59384a46b",
    "https://deno.land/x/vixalien_deno_blog@0.4.16/components.tsx": "1a7fd3e7cb4db9229c699025924a6dc27eb272cf612d0a5244ceec27188f1a2f",
    "https://deno.land/x/vixalien_deno_blog@0.4.16/deps.ts": "d4611db3478ae661a016c75359e7b9919ae76d9a23a326c6f4d73dec3b4250b9",
    "https://deno.land/x/vixalien_deno_blog@0.4.16/markedMiddleware/highlight.ts": "8c4b9b4c01009a02fe370c1b4f8a4683c49624f7b697af4b22bae8680340243f",
    "https://deno.land/x/vixalien_deno_blog@0.4.16/markedMiddleware/imageContainer.ts": "3c3f2f606158398bfba974d30beb9d161cf047fc9dc2355c5522d00eab5fafc1",
    "https://deno.land/x/vixalien_deno_blog@0.4.16/markedMiddleware/util.ts": "cfe57349567c266899860c16babb141962b559ca6beeaa52031492c1978bf6ed",
    "https://deno.land/x/vixalien_deno_blog@0.4.16/types.d.ts": "620998989ccc90da221a8326a67bc06a1feaf86bceea7c6b1db5316affada41e",
    "https://esm.sh/feed@4.2.2": "628a9f6aef64e370077fc018c48c9e0fbfd1dedd6a211982ee55383e9856bde2",
    "https://esm.sh/marked@4.0.18": "ce7eacf9f5b6b90f3ff092441989372f6b611beeb31a009bcd32a4d254442ed8",
    "https://esm.sh/preact-render-to-string@5.2.0?deps=preact@10.8.2": "02fe5ff3675466d7a0c807d2715715932eee20caae715da2a86ae09b53d2aca5",
    "https://esm.sh/preact@10.7.2": "77b31c6ebeedc2bbe99212b0e188ebe8c7139850364eec730d512f5bbfae6963",
    "https://esm.sh/preact@10.8.2": "8302e2558b3180de984bab2d7be07b20fd75255494f639d95f3a17ddc4acd91a",
    "https://esm.sh/remove-markdown@0.5.0": "8c742e1265e4fb3c315513f623881fd8f88f108b01d7da9006cb48563128cf37",
    "https://esm.sh/stable/preact@10.7.2/denonext/preact.mjs": "fda4341cff9723adf5b8e6a0e86fa43c3aad99d53240d9434ffff81d4f5398c5",
    "https://esm.sh/stable/preact@10.8.2/denonext/preact.mjs": "1505875858475514bf98e640858b607648ed7d48db2e7d52390f2ad96e642e51",
    "https://esm.sh/v118/preact@10.7.2/src/index.d.ts": "d3e2e5125321d592d2458226f311de66411f2fa949e546cbaaefa533c4fb89e3",
    "https://esm.sh/v118/preact@10.7.2/src/jsx.d.ts": "34f373b3884220b13db52d54272a8c2f2c20e56d7c931523fc64bd6645240897",
    "https://esm.sh/v118/preact@10.8.2/src/index.d.ts": "d3e2e5125321d592d2458226f311de66411f2fa949e546cbaaefa533c4fb89e3",
    "https://esm.sh/v118/preact@10.8.2/src/jsx.d.ts": "c5d73e52438e7ce5f9333778aad2c38f5f45023c5035d0cc309badceb2ba2a55",
    "https://esm.sh/v126/@types/marked@4.0.8/index.d.ts": "0b2fcecb260110d36514d4a845e10d98d19ae62f19ff18a5fc0181c31e1be8ef",
    "https://esm.sh/v126/@types/remove-markdown@0.3.1/index.d.ts": "cd7ecf721ff3cdab9f02921a6d5c68fb345754a92fc28fef50bb976f5979c362",
    "https://esm.sh/v126/feed@4.2.2/denonext/feed.mjs": "5f0fe49302e0b12185c639f7115190446171965c8c861db9d5817a8fc1c1dbb7",
    "https://esm.sh/v126/feed@4.2.2/lib/feed.d.ts": "357a8b7781477392f483aa71a581917b9689a32a4bce619dab46c458967c2394",
    "https://esm.sh/v126/feed@4.2.2/lib/typings/index.d.ts": "4f3fd1ad733a6114232de679b88dab76853b99ce7ae0803c35169494c9b42548",
    "https://esm.sh/v126/marked@4.0.18/denonext/marked.mjs": "fe2eb41e67b61effebee5ef1bb126a398cf1072655ecd451fb57a3c59b32d0a3",
    "https://esm.sh/v126/preact-render-to-string@5.2.0/X-ZC9wcmVhY3RAMTAuOC4y/denonext/preact-render-to-string.mjs": "eb5807569fb4adf77018b3a20cc68ce4d7c573b9737d3051ee3341b5d1aa305b",
    "https://esm.sh/v126/preact-render-to-string@5.2.0/X-ZC9wcmVhY3RAMTAuOC4y/src/index.d.ts": "b33208df85b8eaad1ab57ee60dcabf63c829236870e6768d1a9cc8a3f63b05a8",
    "https://esm.sh/v126/remove-markdown@0.5.0/denonext/remove-markdown.mjs": "abcc5cbc5f9dbee0bb06776b5a84f7c3bb65bc9b4454b3991f6964fbecd403c2",
    "https://esm.sh/v126/sax@1.2.4/denonext/sax.mjs": "dcc774c3fe80ebd4227774cd10c3664fe9c044fd0c863641ab59d958ce2215b5",
    "https://esm.sh/v126/xml-js@1.6.11/denonext/xml-js.mjs": "bf92e59d4a59dc82271d223f2a4b55ef7182a463fa0cc486ae6efd7f02fe034e",
    "https://raw.githubusercontent.com/kt3k/callsites/v1.0.0/mod.ts": "a5fdfa7916d03459fd4830ca526d493d5f4ce0ea91619905d524c9a3a5c3cd15"
  }
}
